// !$*UTF8*$!
{
	archiveVersion = 1;
	classes = {
	};
	objectVersion = 70;
	objects = {

/* Begin PBXBuildFile section */
		BB0398322B95C2B1008C0322 /* LinkToPlaceView.swift in Sources */ = {isa = PBXBuildFile; fileRef = BB0398312B95C2B1008C0322 /* LinkToPlaceView.swift */; };
		BB116B742B89BFF100EBBBB8 /* RoundedCorner.swift in Sources */ = {isa = PBXBuildFile; fileRef = BB116B732B89BFF100EBBBB8 /* RoundedCorner.swift */; };
		BB116B762B89C1FC00EBBBB8 /* ProgramDescriptionView.swift in Sources */ = {isa = PBXBuildFile; fileRef = BB116B752B89C1FC00EBBBB8 /* ProgramDescriptionView.swift */; };
		BB1502932B9F541E00340090 /* FavoriteProgram.swift in Sources */ = {isa = PBXBuildFile; fileRef = BB1502922B9F541E00340090 /* FavoriteProgram.swift */; };
		BB3B97292B6BEC9B0059A697 /* Date+Extension.swift in Sources */ = {isa = PBXBuildFile; fileRef = BB3B97282B6BEC9B0059A697 /* Date+Extension.swift */; };
		BB4475292B7B70A5008736FB /* FilterView.swift in Sources */ = {isa = PBXBuildFile; fileRef = BB4475282B7B70A5008736FB /* FilterView.swift */; };
		BB44752B2B7B7251008736FB /* Categories.swift in Sources */ = {isa = PBXBuildFile; fileRef = BB44752A2B7B7251008736FB /* Categories.swift */; };
		BB4A3DF72BA88F4B0091B166 /* CalendarView.swift in Sources */ = {isa = PBXBuildFile; fileRef = BB4A3DF62BA88F4B0091B166 /* CalendarView.swift */; };
		BB63C1C12B64F07F00EA3ABB /* ProgramView.swift in Sources */ = {isa = PBXBuildFile; fileRef = BB63C1C02B64F07F00EA3ABB /* ProgramView.swift */; };
		BB6704992B5FB4AB0008A76F /* OnboardingSecondView.swift in Sources */ = {isa = PBXBuildFile; fileRef = BB6704982B5FB4AB0008A76F /* OnboardingSecondView.swift */; };
		BB67049B2B5FB4CB0008A76F /* OnboardingTabView.swift in Sources */ = {isa = PBXBuildFile; fileRef = BB67049A2B5FB4CB0008A76F /* OnboardingTabView.swift */; };
		BB67049D2B5FC53E0008A76F /* OnboardingThirdView.swift in Sources */ = {isa = PBXBuildFile; fileRef = BB67049C2B5FC53E0008A76F /* OnboardingThirdView.swift */; };
		BB67FC082B87152F00EFA5AC /* ProgramDetailView.swift in Sources */ = {isa = PBXBuildFile; fileRef = BB67FC072B87152F00EFA5AC /* ProgramDetailView.swift */; };
		BB719A5D2CC0D09200F1936A /* Preview Assets.xcassets in Resources */ = {isa = PBXBuildFile; fileRef = BB719A572CC0D09200F1936A /* Preview Assets.xcassets */; };
		BB719A5E2CC0D09200F1936A /* Assets.xcassets in Resources */ = {isa = PBXBuildFile; fileRef = BB719A592CC0D09200F1936A /* Assets.xcassets */; };
		BB719A602CC0D09200F1936A /* RaonAPI.plist in Resources */ = {isa = PBXBuildFile; fileRef = BB719A5B2CC0D09200F1936A /* RaonAPI.plist */; };
		BB719A702CC0D0B900F1936A /* ColoredButton.swift in Sources */ = {isa = PBXBuildFile; fileRef = BB719A612CC0D0B900F1936A /* ColoredButton.swift */; };
		BB719A712CC0D0B900F1936A /* InvertedButton.swift in Sources */ = {isa = PBXBuildFile; fileRef = BB719A622CC0D0B900F1936A /* InvertedButton.swift */; };
		BB719A722CC0D0B900F1936A /* MapButton.swift in Sources */ = {isa = PBXBuildFile; fileRef = BB719A632CC0D0B900F1936A /* MapButton.swift */; };
		BB719A732CC0D0B900F1936A /* CachedAsyncImageView.swift in Sources */ = {isa = PBXBuildFile; fileRef = BB719A652CC0D0B900F1936A /* CachedAsyncImageView.swift */; };
		BB719A742CC0D0B900F1936A /* ColoredText.swift in Sources */ = {isa = PBXBuildFile; fileRef = BB719A672CC0D0B900F1936A /* ColoredText.swift */; };
		BB719A752CC0D0B900F1936A /* DescriptionTextView.swift in Sources */ = {isa = PBXBuildFile; fileRef = BB719A682CC0D0B900F1936A /* DescriptionTextView.swift */; };
		BB719A762CC0D0B900F1936A /* DividedTextView.swift in Sources */ = {isa = PBXBuildFile; fileRef = BB719A692CC0D0B900F1936A /* DividedTextView.swift */; };
		BB719A772CC0D0B900F1936A /* NavigationBarLargeTitleView.swift in Sources */ = {isa = PBXBuildFile; fileRef = BB719A6A2CC0D0B900F1936A /* NavigationBarLargeTitleView.swift */; };
		BB719A782CC0D0B900F1936A /* NavigationBarSmallTitleView.swift in Sources */ = {isa = PBXBuildFile; fileRef = BB719A6B2CC0D0B900F1936A /* NavigationBarSmallTitleView.swift */; };
		BB719A792CC0D0B900F1936A /* WebView.swift in Sources */ = {isa = PBXBuildFile; fileRef = BB719A6D2CC0D0B900F1936A /* WebView.swift */; };
		BB74BB082B713DB200BA2A61 /* SearchCardView.swift in Sources */ = {isa = PBXBuildFile; fileRef = BB74BB072B713DB200BA2A61 /* SearchCardView.swift */; };
		BB82ED582BA9D94700EFEAD5 /* EventEditViewController.swift in Sources */ = {isa = PBXBuildFile; fileRef = BB82ED572BA9D94700EFEAD5 /* EventEditViewController.swift */; };
		BB82ED5A2BA9F4C900EFEAD5 /* EKEvent+Extension.swift in Sources */ = {isa = PBXBuildFile; fileRef = BB82ED592BA9F4C900EFEAD5 /* EKEvent+Extension.swift */; };
		BB89BC622BA8ADDB00DFF59B /* ProgramOfTheDayView.swift in Sources */ = {isa = PBXBuildFile; fileRef = BB89BC612BA8ADDB00DFF59B /* ProgramOfTheDayView.swift */; };
		BB9127F42BA0407000ABC84D /* FavoritesView.swift in Sources */ = {isa = PBXBuildFile; fileRef = BB9127F32BA0407000ABC84D /* FavoritesView.swift */; };
		BB9127F82BA3531300ABC84D /* NotificationToggleView.swift in Sources */ = {isa = PBXBuildFile; fileRef = BB9127F72BA3531300ABC84D /* NotificationToggleView.swift */; };
		BB9680FA2BAD65F300F80230 /* Bundle+Extension.swift in Sources */ = {isa = PBXBuildFile; fileRef = BB9680F92BAD65F300F80230 /* Bundle+Extension.swift */; };
		BBA41E072B9A15BC00884BD9 /* SettingsView.swift in Sources */ = {isa = PBXBuildFile; fileRef = BBA41E062B9A15BC00884BD9 /* SettingsView.swift */; };
		BBA41E092B9A187A00884BD9 /* CopyRightView.swift in Sources */ = {isa = PBXBuildFile; fileRef = BBA41E082B9A187A00884BD9 /* CopyRightView.swift */; };
		BBA6D6272B663CFC00AF8600 /* ProgramCardView.swift in Sources */ = {isa = PBXBuildFile; fileRef = BBA6D6262B663CFC00AF8600 /* ProgramCardView.swift */; };
		BBA6D6292B66473300AF8600 /* ProgramData.swift in Sources */ = {isa = PBXBuildFile; fileRef = BBA6D6282B66473300AF8600 /* ProgramData.swift */; };
		BBA6D62E2B6679B300AF8600 /* View+Extension.swift in Sources */ = {isa = PBXBuildFile; fileRef = BBA6D62D2B6679B300AF8600 /* View+Extension.swift */; };
		BBB874B12BAB46E700A38C54 /* DetailImageView.swift in Sources */ = {isa = PBXBuildFile; fileRef = BBB874B02BAB46E700A38C54 /* DetailImageView.swift */; };
		BBBE87F32B71118500189E08 /* SearchView.swift in Sources */ = {isa = PBXBuildFile; fileRef = BBBE87F22B71118500189E08 /* SearchView.swift */; };
		BBBFD64C2B63E2670052BD38 /* Regions.swift in Sources */ = {isa = PBXBuildFile; fileRef = BBBFD64B2B63E2670052BD38 /* Regions.swift */; };
		BBBFD6562B640BF20052BD38 /* ThemeColors.swift in Sources */ = {isa = PBXBuildFile; fileRef = BBBFD6552B640BF20052BD38 /* ThemeColors.swift */; };
		BBCA71A12B5A811E001CC023 /* OnboardingFirstView.swift in Sources */ = {isa = PBXBuildFile; fileRef = BBCA71A02B5A811E001CC023 /* OnboardingFirstView.swift */; };
		BBCECA612B56815D00D664A1 /* RaonApp.swift in Sources */ = {isa = PBXBuildFile; fileRef = BBCECA602B56815D00D664A1 /* RaonApp.swift */; };
		BBCECA632B56815D00D664A1 /* ContentView.swift in Sources */ = {isa = PBXBuildFile; fileRef = BBCECA622B56815D00D664A1 /* ContentView.swift */; };
		BBDD9A5C2BA5DBC9009DEBE7 /* String+Extension.swift in Sources */ = {isa = PBXBuildFile; fileRef = BBDD9A5B2BA5DBC9009DEBE7 /* String+Extension.swift */; };
		BBDD9A5E2BA5DF5F009DEBE7 /* ThemeSettingView.swift in Sources */ = {isa = PBXBuildFile; fileRef = BBDD9A5D2BA5DF5F009DEBE7 /* ThemeSettingView.swift */; };
		BBDDA74E2BC11AD100AD3EEA /* Tab.swift in Sources */ = {isa = PBXBuildFile; fileRef = BBDDA74D2BC11AD100AD3EEA /* Tab.swift */; };
		BBDDA7512BC11B1F00AD3EEA /* DestinationPath.swift in Sources */ = {isa = PBXBuildFile; fileRef = BBDDA7502BC11B1F00AD3EEA /* DestinationPath.swift */; };
		BBDDA7532BC1372500AD3EEA /* OnboardingFourthView.swift in Sources */ = {isa = PBXBuildFile; fileRef = BBDDA7522BC1372500AD3EEA /* OnboardingFourthView.swift */; };
/* End PBXBuildFile section */

/* Begin PBXFileReference section */
		BB0398312B95C2B1008C0322 /* LinkToPlaceView.swift */ = {isa = PBXFileReference; lastKnownFileType = sourcecode.swift; path = LinkToPlaceView.swift; sourceTree = "<group>"; };
		BB116B732B89BFF100EBBBB8 /* RoundedCorner.swift */ = {isa = PBXFileReference; lastKnownFileType = sourcecode.swift; path = RoundedCorner.swift; sourceTree = "<group>"; };
		BB116B752B89C1FC00EBBBB8 /* ProgramDescriptionView.swift */ = {isa = PBXFileReference; lastKnownFileType = sourcecode.swift; path = ProgramDescriptionView.swift; sourceTree = "<group>"; };
		BB1502922B9F541E00340090 /* FavoriteProgram.swift */ = {isa = PBXFileReference; lastKnownFileType = sourcecode.swift; path = FavoriteProgram.swift; sourceTree = "<group>"; };
		BB3B97282B6BEC9B0059A697 /* Date+Extension.swift */ = {isa = PBXFileReference; lastKnownFileType = sourcecode.swift; path = "Date+Extension.swift"; sourceTree = "<group>"; };
		BB4475282B7B70A5008736FB /* FilterView.swift */ = {isa = PBXFileReference; lastKnownFileType = sourcecode.swift; path = FilterView.swift; sourceTree = "<group>"; };
		BB44752A2B7B7251008736FB /* Categories.swift */ = {isa = PBXFileReference; lastKnownFileType = sourcecode.swift; path = Categories.swift; sourceTree = "<group>"; };
		BB4A3DF62BA88F4B0091B166 /* CalendarView.swift */ = {isa = PBXFileReference; lastKnownFileType = sourcecode.swift; path = CalendarView.swift; sourceTree = "<group>"; };
		BB63C1C02B64F07F00EA3ABB /* ProgramView.swift */ = {isa = PBXFileReference; lastKnownFileType = sourcecode.swift; path = ProgramView.swift; sourceTree = "<group>"; };
		BB6704982B5FB4AB0008A76F /* OnboardingSecondView.swift */ = {isa = PBXFileReference; lastKnownFileType = sourcecode.swift; path = OnboardingSecondView.swift; sourceTree = "<group>"; };
		BB67049A2B5FB4CB0008A76F /* OnboardingTabView.swift */ = {isa = PBXFileReference; lastKnownFileType = sourcecode.swift; path = OnboardingTabView.swift; sourceTree = "<group>"; };
		BB67049C2B5FC53E0008A76F /* OnboardingThirdView.swift */ = {isa = PBXFileReference; lastKnownFileType = sourcecode.swift; path = OnboardingThirdView.swift; sourceTree = "<group>"; };
		BB67FC072B87152F00EFA5AC /* ProgramDetailView.swift */ = {isa = PBXFileReference; lastKnownFileType = sourcecode.swift; path = ProgramDetailView.swift; sourceTree = "<group>"; };
		BB719A572CC0D09200F1936A /* Preview Assets.xcassets */ = {isa = PBXFileReference; lastKnownFileType = folder.assetcatalog; path = "Preview Assets.xcassets"; sourceTree = "<group>"; };
		BB719A592CC0D09200F1936A /* Assets.xcassets */ = {isa = PBXFileReference; lastKnownFileType = folder.assetcatalog; path = Assets.xcassets; sourceTree = "<group>"; };
		BB719A5A2CC0D09200F1936A /* Info.plist */ = {isa = PBXFileReference; lastKnownFileType = text.plist.xml; path = Info.plist; sourceTree = "<group>"; };
		BB719A5B2CC0D09200F1936A /* RaonAPI.plist */ = {isa = PBXFileReference; lastKnownFileType = text.plist.xml; path = RaonAPI.plist; sourceTree = "<group>"; };
		BB719A612CC0D0B900F1936A /* ColoredButton.swift */ = {isa = PBXFileReference; lastKnownFileType = sourcecode.swift; path = ColoredButton.swift; sourceTree = "<group>"; };
		BB719A622CC0D0B900F1936A /* InvertedButton.swift */ = {isa = PBXFileReference; lastKnownFileType = sourcecode.swift; path = InvertedButton.swift; sourceTree = "<group>"; };
		BB719A632CC0D0B900F1936A /* MapButton.swift */ = {isa = PBXFileReference; lastKnownFileType = sourcecode.swift; path = MapButton.swift; sourceTree = "<group>"; };
		BB719A652CC0D0B900F1936A /* CachedAsyncImageView.swift */ = {isa = PBXFileReference; lastKnownFileType = sourcecode.swift; path = CachedAsyncImageView.swift; sourceTree = "<group>"; };
		BB719A672CC0D0B900F1936A /* ColoredText.swift */ = {isa = PBXFileReference; lastKnownFileType = sourcecode.swift; path = ColoredText.swift; sourceTree = "<group>"; };
		BB719A682CC0D0B900F1936A /* DescriptionTextView.swift */ = {isa = PBXFileReference; lastKnownFileType = sourcecode.swift; path = DescriptionTextView.swift; sourceTree = "<group>"; };
		BB719A692CC0D0B900F1936A /* DividedTextView.swift */ = {isa = PBXFileReference; lastKnownFileType = sourcecode.swift; path = DividedTextView.swift; sourceTree = "<group>"; };
		BB719A6A2CC0D0B900F1936A /* NavigationBarLargeTitleView.swift */ = {isa = PBXFileReference; lastKnownFileType = sourcecode.swift; path = NavigationBarLargeTitleView.swift; sourceTree = "<group>"; };
		BB719A6B2CC0D0B900F1936A /* NavigationBarSmallTitleView.swift */ = {isa = PBXFileReference; lastKnownFileType = sourcecode.swift; path = NavigationBarSmallTitleView.swift; sourceTree = "<group>"; };
		BB719A6D2CC0D0B900F1936A /* WebView.swift */ = {isa = PBXFileReference; lastKnownFileType = sourcecode.swift; path = WebView.swift; sourceTree = "<group>"; };
		BB74BB072B713DB200BA2A61 /* SearchCardView.swift */ = {isa = PBXFileReference; lastKnownFileType = sourcecode.swift; path = SearchCardView.swift; sourceTree = "<group>"; };
		BB82ED572BA9D94700EFEAD5 /* EventEditViewController.swift */ = {isa = PBXFileReference; lastKnownFileType = sourcecode.swift; path = EventEditViewController.swift; sourceTree = "<group>"; };
		BB82ED592BA9F4C900EFEAD5 /* EKEvent+Extension.swift */ = {isa = PBXFileReference; lastKnownFileType = sourcecode.swift; path = "EKEvent+Extension.swift"; sourceTree = "<group>"; };
		BB89BC612BA8ADDB00DFF59B /* ProgramOfTheDayView.swift */ = {isa = PBXFileReference; lastKnownFileType = sourcecode.swift; path = ProgramOfTheDayView.swift; sourceTree = "<group>"; };
		BB9127F32BA0407000ABC84D /* FavoritesView.swift */ = {isa = PBXFileReference; lastKnownFileType = sourcecode.swift; path = FavoritesView.swift; sourceTree = "<group>"; };
		BB9127F72BA3531300ABC84D /* NotificationToggleView.swift */ = {isa = PBXFileReference; lastKnownFileType = sourcecode.swift; path = NotificationToggleView.swift; sourceTree = "<group>"; };
		BB9680F92BAD65F300F80230 /* Bundle+Extension.swift */ = {isa = PBXFileReference; lastKnownFileType = sourcecode.swift; path = "Bundle+Extension.swift"; sourceTree = "<group>"; };
		BB9680FE2BAD68B500F80230 /* ci_pre_xcodebuild.sh */ = {isa = PBXFileReference; lastKnownFileType = text.script.sh; path = ci_pre_xcodebuild.sh; sourceTree = "<group>"; };
		BBA41E062B9A15BC00884BD9 /* SettingsView.swift */ = {isa = PBXFileReference; lastKnownFileType = sourcecode.swift; path = SettingsView.swift; sourceTree = "<group>"; };
		BBA41E082B9A187A00884BD9 /* CopyRightView.swift */ = {isa = PBXFileReference; lastKnownFileType = sourcecode.swift; path = CopyRightView.swift; sourceTree = "<group>"; };
		BBA6D6262B663CFC00AF8600 /* ProgramCardView.swift */ = {isa = PBXFileReference; lastKnownFileType = sourcecode.swift; path = ProgramCardView.swift; sourceTree = "<group>"; };
		BBA6D6282B66473300AF8600 /* ProgramData.swift */ = {isa = PBXFileReference; lastKnownFileType = sourcecode.swift; path = ProgramData.swift; sourceTree = "<group>"; };
		BBA6D62D2B6679B300AF8600 /* View+Extension.swift */ = {isa = PBXFileReference; lastKnownFileType = sourcecode.swift; path = "View+Extension.swift"; sourceTree = "<group>"; };
		BBB874B02BAB46E700A38C54 /* DetailImageView.swift */ = {isa = PBXFileReference; lastKnownFileType = sourcecode.swift; path = DetailImageView.swift; sourceTree = "<group>"; };
		BBBE87F22B71118500189E08 /* SearchView.swift */ = {isa = PBXFileReference; lastKnownFileType = sourcecode.swift; path = SearchView.swift; sourceTree = "<group>"; };
		BBBFD64B2B63E2670052BD38 /* Regions.swift */ = {isa = PBXFileReference; lastKnownFileType = sourcecode.swift; path = Regions.swift; sourceTree = "<group>"; };
		BBBFD6552B640BF20052BD38 /* ThemeColors.swift */ = {isa = PBXFileReference; lastKnownFileType = sourcecode.swift; path = ThemeColors.swift; sourceTree = "<group>"; };
		BBCA71A02B5A811E001CC023 /* OnboardingFirstView.swift */ = {isa = PBXFileReference; lastKnownFileType = sourcecode.swift; path = OnboardingFirstView.swift; sourceTree = "<group>"; };
		BBCECA5D2B56815D00D664A1 /* Raon.app */ = {isa = PBXFileReference; explicitFileType = wrapper.application; includeInIndex = 0; path = Raon.app; sourceTree = BUILT_PRODUCTS_DIR; };
		BBCECA602B56815D00D664A1 /* RaonApp.swift */ = {isa = PBXFileReference; lastKnownFileType = sourcecode.swift; path = RaonApp.swift; sourceTree = "<group>"; };
		BBCECA622B56815D00D664A1 /* ContentView.swift */ = {isa = PBXFileReference; lastKnownFileType = sourcecode.swift; path = ContentView.swift; sourceTree = "<group>"; };
		BBDD9A5B2BA5DBC9009DEBE7 /* String+Extension.swift */ = {isa = PBXFileReference; lastKnownFileType = sourcecode.swift; path = "String+Extension.swift"; sourceTree = "<group>"; };
		BBDD9A5D2BA5DF5F009DEBE7 /* ThemeSettingView.swift */ = {isa = PBXFileReference; lastKnownFileType = sourcecode.swift; path = ThemeSettingView.swift; sourceTree = "<group>"; };
		BBDDA74D2BC11AD100AD3EEA /* Tab.swift */ = {isa = PBXFileReference; lastKnownFileType = sourcecode.swift; path = Tab.swift; sourceTree = "<group>"; };
		BBDDA7502BC11B1F00AD3EEA /* DestinationPath.swift */ = {isa = PBXFileReference; lastKnownFileType = sourcecode.swift; path = DestinationPath.swift; sourceTree = "<group>"; };
		BBDDA7522BC1372500AD3EEA /* OnboardingFourthView.swift */ = {isa = PBXFileReference; lastKnownFileType = sourcecode.swift; path = OnboardingFourthView.swift; sourceTree = "<group>"; };
/* End PBXFileReference section */

/* Begin PBXFileSystemSynchronizedRootGroup section */
		BB719A282CC0C20800F1936A /* Network */ = {isa = PBXFileSystemSynchronizedRootGroup; explicitFileTypes = {}; explicitFolders = (); path = Network; sourceTree = "<group>"; };
		BB719A292CC0C20F00F1936A /* Cache */ = {isa = PBXFileSystemSynchronizedRootGroup; explicitFileTypes = {}; explicitFolders = (); path = Cache; sourceTree = "<group>"; };
		BB719A2A2CC0C21600F1936A /* Notifications */ = {isa = PBXFileSystemSynchronizedRootGroup; explicitFileTypes = {}; explicitFolders = (); path = Notifications; sourceTree = "<group>"; };
/* End PBXFileSystemSynchronizedRootGroup section */

/* Begin PBXFrameworksBuildPhase section */
		BBCECA5A2B56815D00D664A1 /* Frameworks */ = {
			isa = PBXFrameworksBuildPhase;
			buildActionMask = 2147483647;
			files = (
			);
			runOnlyForDeploymentPostprocessing = 0;
		};
/* End PBXFrameworksBuildPhase section */

/* Begin PBXGroup section */
		BB4A3DF52BA88F3A0091B166 /* Calendar */ = {
			isa = PBXGroup;
			children = (
				BB4A3DF62BA88F4B0091B166 /* CalendarView.swift */,
				BB89BC612BA8ADDB00DFF59B /* ProgramOfTheDayView.swift */,
			);
			path = Calendar;
			sourceTree = "<group>";
		};
		BB63C1BF2B64EFF300EA3ABB /* Programs */ = {
			isa = PBXGroup;
			children = (
				BB63C1C02B64F07F00EA3ABB /* ProgramView.swift */,
				BBA6D6262B663CFC00AF8600 /* ProgramCardView.swift */,
			);
			path = Programs;
			sourceTree = "<group>";
		};
		BB67FC062B8714F800EFA5AC /* ProgramDetail */ = {
			isa = PBXGroup;
			children = (
				BB67FC072B87152F00EFA5AC /* ProgramDetailView.swift */,
				BB116B752B89C1FC00EBBBB8 /* ProgramDescriptionView.swift */,
				BB116B732B89BFF100EBBBB8 /* RoundedCorner.swift */,
				BB0398312B95C2B1008C0322 /* LinkToPlaceView.swift */,
				BB82ED572BA9D94700EFEAD5 /* EventEditViewController.swift */,
				BBB874B02BAB46E700A38C54 /* DetailImageView.swift */,
			);
			path = ProgramDetail;
			sourceTree = "<group>";
		};
		BB719A582CC0D09200F1936A /* Preview Content */ = {
			isa = PBXGroup;
			children = (
				BB719A572CC0D09200F1936A /* Preview Assets.xcassets */,
			);
			path = "Preview Content";
			sourceTree = "<group>";
		};
		BB719A5C2CC0D09200F1936A /* Resources */ = {
			isa = PBXGroup;
			children = (
				BB719A592CC0D09200F1936A /* Assets.xcassets */,
				BB719A5A2CC0D09200F1936A /* Info.plist */,
				BB719A5B2CC0D09200F1936A /* RaonAPI.plist */,
				BB719A582CC0D09200F1936A /* Preview Content */,
			);
			path = Resources;
			sourceTree = "<group>";
		};
		BB719A642CC0D0B900F1936A /* ButtonViews */ = {
			isa = PBXGroup;
			children = (
				BB719A612CC0D0B900F1936A /* ColoredButton.swift */,
				BB719A622CC0D0B900F1936A /* InvertedButton.swift */,
				BB719A632CC0D0B900F1936A /* MapButton.swift */,
			);
			path = ButtonViews;
			sourceTree = "<group>";
		};
		BB719A662CC0D0B900F1936A /* CachedAsyncImageView */ = {
			isa = PBXGroup;
			children = (
				BB719A652CC0D0B900F1936A /* CachedAsyncImageView.swift */,
			);
			path = CachedAsyncImageView;
			sourceTree = "<group>";
		};
		BB719A6C2CC0D0B900F1936A /* TextViews */ = {
			isa = PBXGroup;
			children = (
				BB719A672CC0D0B900F1936A /* ColoredText.swift */,
				BB719A682CC0D0B900F1936A /* DescriptionTextView.swift */,
				BB719A692CC0D0B900F1936A /* DividedTextView.swift */,
				BB719A6A2CC0D0B900F1936A /* NavigationBarLargeTitleView.swift */,
				BB719A6B2CC0D0B900F1936A /* NavigationBarSmallTitleView.swift */,
			);
			path = TextViews;
			sourceTree = "<group>";
		};
		BB719A6E2CC0D0B900F1936A /* WebView */ = {
			isa = PBXGroup;
			children = (
				BB719A6D2CC0D0B900F1936A /* WebView.swift */,
			);
			path = WebView;
			sourceTree = "<group>";
		};
		BB719A6F2CC0D0B900F1936A /* Common */ = {
			isa = PBXGroup;
			children = (
				BB719A642CC0D0B900F1936A /* ButtonViews */,
				BB719A662CC0D0B900F1936A /* CachedAsyncImageView */,
				BB719A6C2CC0D0B900F1936A /* TextViews */,
				BB719A6E2CC0D0B900F1936A /* WebView */,
			);
			path = Common;
			sourceTree = "<group>";
		};
		BB9127F22BA0405700ABC84D /* Favorites */ = {
			isa = PBXGroup;
			children = (
				BB9127F32BA0407000ABC84D /* FavoritesView.swift */,
			);
			path = Favorites;
			sourceTree = "<group>";
		};
		BB9680FD2BAD671A00F80230 /* ci_scripts */ = {
			isa = PBXGroup;
			children = (
				BB9680FE2BAD68B500F80230 /* ci_pre_xcodebuild.sh */,
			);
			path = ci_scripts;
			sourceTree = "<group>";
		};
		BBA41E052B9A159C00884BD9 /* Settings */ = {
			isa = PBXGroup;
			children = (
				BBA41E062B9A15BC00884BD9 /* SettingsView.swift */,
				BBA41E082B9A187A00884BD9 /* CopyRightView.swift */,
				BB9127F72BA3531300ABC84D /* NotificationToggleView.swift */,
				BBDD9A5D2BA5DF5F009DEBE7 /* ThemeSettingView.swift */,
			);
			path = Settings;
			sourceTree = "<group>";
		};
		BBA6D62C2B6678AE00AF8600 /* Extensions */ = {
			isa = PBXGroup;
			children = (
				BB9680F92BAD65F300F80230 /* Bundle+Extension.swift */,
				BB3B97282B6BEC9B0059A697 /* Date+Extension.swift */,
				BB82ED592BA9F4C900EFEAD5 /* EKEvent+Extension.swift */,
				BBDD9A5B2BA5DBC9009DEBE7 /* String+Extension.swift */,
				BBA6D62D2B6679B300AF8600 /* View+Extension.swift */,
			);
			path = Extensions;
			sourceTree = "<group>";
		};
		BBBE87F12B71117100189E08 /* Search */ = {
			isa = PBXGroup;
			children = (
				BBBE87F22B71118500189E08 /* SearchView.swift */,
				BB74BB072B713DB200BA2A61 /* SearchCardView.swift */,
				BB4475282B7B70A5008736FB /* FilterView.swift */,
			);
			path = Search;
			sourceTree = "<group>";
		};
		BBCA719D2B5A7E62001CC023 /* Views */ = {
			isa = PBXGroup;
			children = (
				BBCECA622B56815D00D664A1 /* ContentView.swift */,
				BB4A3DF52BA88F3A0091B166 /* Calendar */,
				BB9127F22BA0405700ABC84D /* Favorites */,
				BB67FC062B8714F800EFA5AC /* ProgramDetail */,
				BB63C1BF2B64EFF300EA3ABB /* Programs */,
				BBBE87F12B71117100189E08 /* Search */,
				BBA41E052B9A159C00884BD9 /* Settings */,
				BBCA719F2B5A80F1001CC023 /* Onboarding */,
				BB719A6F2CC0D0B900F1936A /* Common */,
			);
			path = Views;
			sourceTree = "<group>";
		};
		BBCA719E2B5A7E6A001CC023 /* Model */ = {
			isa = PBXGroup;
			children = (
				BBDD9A592BA578E5009DEBE7 /* DTO */,
				BBDD9A572BA578C6009DEBE7 /* Filters */,
				BBDD9A5A2BA578EB009DEBE7 /* Entities */,
				BBBFD6552B640BF20052BD38 /* ThemeColors.swift */,
				BBDDA74D2BC11AD100AD3EEA /* Tab.swift */,
				BBDDA7502BC11B1F00AD3EEA /* DestinationPath.swift */,
			);
			path = Model;
			sourceTree = "<group>";
		};
		BBCA719F2B5A80F1001CC023 /* Onboarding */ = {
			isa = PBXGroup;
			children = (
				BB67049A2B5FB4CB0008A76F /* OnboardingTabView.swift */,
				BBCA71A02B5A811E001CC023 /* OnboardingFirstView.swift */,
				BB6704982B5FB4AB0008A76F /* OnboardingSecondView.swift */,
				BB67049C2B5FC53E0008A76F /* OnboardingThirdView.swift */,
				BBDDA7522BC1372500AD3EEA /* OnboardingFourthView.swift */,
			);
			path = Onboarding;
			sourceTree = "<group>";
		};
		BBCECA542B56815D00D664A1 = {
			isa = PBXGroup;
			children = (
				BB9680FD2BAD671A00F80230 /* ci_scripts */,
				BBCECA5F2B56815D00D664A1 /* Raon */,
				BBCECA5E2B56815D00D664A1 /* Products */,
			);
			sourceTree = "<group>";
		};
		BBCECA5E2B56815D00D664A1 /* Products */ = {
			isa = PBXGroup;
			children = (
				BBCECA5D2B56815D00D664A1 /* Raon.app */,
			);
			name = Products;
			sourceTree = "<group>";
		};
		BBCECA5F2B56815D00D664A1 /* Raon */ = {
			isa = PBXGroup;
			children = (
				BBCECA602B56815D00D664A1 /* RaonApp.swift */,
				BBCA719E2B5A7E6A001CC023 /* Model */,
				BBCA719D2B5A7E62001CC023 /* Views */,
				BBDD9A512BA577CA009DEBE7 /* Services */,
				BBA6D62C2B6678AE00AF8600 /* Extensions */,
				BB719A5C2CC0D09200F1936A /* Resources */,
			);
			path = Raon;
			sourceTree = "<group>";
		};
		BBDD9A512BA577CA009DEBE7 /* Services */ = {
			isa = PBXGroup;
			children = (
				BB719A292CC0C20F00F1936A /* Cache */,
				BB719A282CC0C20800F1936A /* Network */,
				BB719A2A2CC0C21600F1936A /* Notifications */,
			);
			path = Services;
			sourceTree = "<group>";
		};
		BBDD9A572BA578C6009DEBE7 /* Filters */ = {
			isa = PBXGroup;
			children = (
				BBBFD64B2B63E2670052BD38 /* Regions.swift */,
				BB44752A2B7B7251008736FB /* Categories.swift */,
			);
			path = Filters;
			sourceTree = "<group>";
		};
		BBDD9A592BA578E5009DEBE7 /* DTO */ = {
			isa = PBXGroup;
			children = (
				BBA6D6282B66473300AF8600 /* ProgramData.swift */,
			);
			path = DTO;
			sourceTree = "<group>";
		};
		BBDD9A5A2BA578EB009DEBE7 /* Entities */ = {
			isa = PBXGroup;
			children = (
				BB1502922B9F541E00340090 /* FavoriteProgram.swift */,
			);
			path = Entities;
			sourceTree = "<group>";
		};
/* End PBXGroup section */

/* Begin PBXNativeTarget section */
		BBCECA5C2B56815D00D664A1 /* Raon */ = {
			isa = PBXNativeTarget;
			buildConfigurationList = BBCECA6B2B56815E00D664A1 /* Build configuration list for PBXNativeTarget "Raon" */;
			buildPhases = (
				BBCECA592B56815D00D664A1 /* Sources */,
				BBCECA5A2B56815D00D664A1 /* Frameworks */,
				BBCECA5B2B56815D00D664A1 /* Resources */,
			);
			buildRules = (
			);
			dependencies = (
			);
			fileSystemSynchronizedGroups = (
				BB719A282CC0C20800F1936A /* Network */,
				BB719A292CC0C20F00F1936A /* Cache */,
				BB719A2A2CC0C21600F1936A /* Notifications */,
			);
			name = Raon;
			productName = SeoulCultureMoa;
			productReference = BBCECA5D2B56815D00D664A1 /* Raon.app */;
			productType = "com.apple.product-type.application";
		};
/* End PBXNativeTarget section */

/* Begin PBXProject section */
		BBCECA552B56815D00D664A1 /* Project object */ = {
			isa = PBXProject;
			attributes = {
				BuildIndependentTargetsInParallel = 1;
				LastSwiftUpdateCheck = 1520;
				LastUpgradeCheck = 1520;
				TargetAttributes = {
					BBCECA5C2B56815D00D664A1 = {
						CreatedOnToolsVersion = 15.2;
					};
				};
			};
			buildConfigurationList = BBCECA582B56815D00D664A1 /* Build configuration list for PBXProject "Raon" */;
			compatibilityVersion = "Xcode 14.0";
			developmentRegion = en;
			hasScannedForEncodings = 0;
			knownRegions = (
				en,
				Base,
			);
			mainGroup = BBCECA542B56815D00D664A1;
			productRefGroup = BBCECA5E2B56815D00D664A1 /* Products */;
			projectDirPath = "";
			projectRoot = "";
			targets = (
				BBCECA5C2B56815D00D664A1 /* Raon */,
			);
		};
/* End PBXProject section */

/* Begin PBXResourcesBuildPhase section */
		BBCECA5B2B56815D00D664A1 /* Resources */ = {
			isa = PBXResourcesBuildPhase;
			buildActionMask = 2147483647;
			files = (
				BB719A5D2CC0D09200F1936A /* Preview Assets.xcassets in Resources */,
				BB719A5E2CC0D09200F1936A /* Assets.xcassets in Resources */,
				BB719A602CC0D09200F1936A /* RaonAPI.plist in Resources */,
			);
			runOnlyForDeploymentPostprocessing = 0;
		};
/* End PBXResourcesBuildPhase section */

/* Begin PBXSourcesBuildPhase section */
		BBCECA592B56815D00D664A1 /* Sources */ = {
			isa = PBXSourcesBuildPhase;
			buildActionMask = 2147483647;
			files = (
				BB9127F82BA3531300ABC84D /* NotificationToggleView.swift in Sources */,
				BB67049B2B5FB4CB0008A76F /* OnboardingTabView.swift in Sources */,
				BBCECA632B56815D00D664A1 /* ContentView.swift in Sources */,
				BBDDA7512BC11B1F00AD3EEA /* DestinationPath.swift in Sources */,
				BB9680FA2BAD65F300F80230 /* Bundle+Extension.swift in Sources */,
				BB63C1C12B64F07F00EA3ABB /* ProgramView.swift in Sources */,
				BB4A3DF72BA88F4B0091B166 /* CalendarView.swift in Sources */,
				BBDD9A5C2BA5DBC9009DEBE7 /* String+Extension.swift in Sources */,
				BBDDA7532BC1372500AD3EEA /* OnboardingFourthView.swift in Sources */,
				BB89BC622BA8ADDB00DFF59B /* ProgramOfTheDayView.swift in Sources */,
				BBA41E092B9A187A00884BD9 /* CopyRightView.swift in Sources */,
				BBBFD64C2B63E2670052BD38 /* Regions.swift in Sources */,
				BB4475292B7B70A5008736FB /* FilterView.swift in Sources */,
				BB116B742B89BFF100EBBBB8 /* RoundedCorner.swift in Sources */,
				BBBFD6562B640BF20052BD38 /* ThemeColors.swift in Sources */,
				BBCA71A12B5A811E001CC023 /* OnboardingFirstView.swift in Sources */,
				BB3B97292B6BEC9B0059A697 /* Date+Extension.swift in Sources */,
				BB82ED582BA9D94700EFEAD5 /* EventEditViewController.swift in Sources */,
				BBBE87F32B71118500189E08 /* SearchView.swift in Sources */,
				BBCECA612B56815D00D664A1 /* RaonApp.swift in Sources */,
				BB67FC082B87152F00EFA5AC /* ProgramDetailView.swift in Sources */,
				BB116B762B89C1FC00EBBBB8 /* ProgramDescriptionView.swift in Sources */,
				BBDDA74E2BC11AD100AD3EEA /* Tab.swift in Sources */,
				BBB874B12BAB46E700A38C54 /* DetailImageView.swift in Sources */,
				BBA6D6272B663CFC00AF8600 /* ProgramCardView.swift in Sources */,
				BB82ED5A2BA9F4C900EFEAD5 /* EKEvent+Extension.swift in Sources */,
				BB6704992B5FB4AB0008A76F /* OnboardingSecondView.swift in Sources */,
				BB67049D2B5FC53E0008A76F /* OnboardingThirdView.swift in Sources */,
				BB44752B2B7B7251008736FB /* Categories.swift in Sources */,
				BBDD9A5E2BA5DF5F009DEBE7 /* ThemeSettingView.swift in Sources */,
				BB1502932B9F541E00340090 /* FavoriteProgram.swift in Sources */,
				BBA41E072B9A15BC00884BD9 /* SettingsView.swift in Sources */,
				BB9127F42BA0407000ABC84D /* FavoritesView.swift in Sources */,
				BB719A702CC0D0B900F1936A /* ColoredButton.swift in Sources */,
				BB719A712CC0D0B900F1936A /* InvertedButton.swift in Sources */,
				BB719A722CC0D0B900F1936A /* MapButton.swift in Sources */,
				BB719A732CC0D0B900F1936A /* CachedAsyncImageView.swift in Sources */,
				BB719A742CC0D0B900F1936A /* ColoredText.swift in Sources */,
				BB719A752CC0D0B900F1936A /* DescriptionTextView.swift in Sources */,
				BB719A762CC0D0B900F1936A /* DividedTextView.swift in Sources */,
				BB719A772CC0D0B900F1936A /* NavigationBarLargeTitleView.swift in Sources */,
				BB719A782CC0D0B900F1936A /* NavigationBarSmallTitleView.swift in Sources */,
				BB719A792CC0D0B900F1936A /* WebView.swift in Sources */,
				BB0398322B95C2B1008C0322 /* LinkToPlaceView.swift in Sources */,
				BB74BB082B713DB200BA2A61 /* SearchCardView.swift in Sources */,
				BBA6D62E2B6679B300AF8600 /* View+Extension.swift in Sources */,
				BBA6D6292B66473300AF8600 /* ProgramData.swift in Sources */,
			);
			runOnlyForDeploymentPostprocessing = 0;
		};
/* End PBXSourcesBuildPhase section */

/* Begin XCBuildConfiguration section */
		BBCECA692B56815E00D664A1 /* Debug */ = {
			isa = XCBuildConfiguration;
			buildSettings = {
				ALWAYS_SEARCH_USER_PATHS = NO;
				ASSETCATALOG_COMPILER_GENERATE_SWIFT_ASSET_SYMBOL_EXTENSIONS = YES;
				CLANG_ANALYZER_NONNULL = YES;
				CLANG_ANALYZER_NUMBER_OBJECT_CONVERSION = YES_AGGRESSIVE;
				CLANG_CXX_LANGUAGE_STANDARD = "gnu++20";
				CLANG_ENABLE_MODULES = YES;
				CLANG_ENABLE_OBJC_ARC = YES;
				CLANG_ENABLE_OBJC_WEAK = YES;
				CLANG_WARN_BLOCK_CAPTURE_AUTORELEASING = YES;
				CLANG_WARN_BOOL_CONVERSION = YES;
				CLANG_WARN_COMMA = YES;
				CLANG_WARN_CONSTANT_CONVERSION = YES;
				CLANG_WARN_DEPRECATED_OBJC_IMPLEMENTATIONS = YES;
				CLANG_WARN_DIRECT_OBJC_ISA_USAGE = YES_ERROR;
				CLANG_WARN_DOCUMENTATION_COMMENTS = YES;
				CLANG_WARN_EMPTY_BODY = YES;
				CLANG_WARN_ENUM_CONVERSION = YES;
				CLANG_WARN_INFINITE_RECURSION = YES;
				CLANG_WARN_INT_CONVERSION = YES;
				CLANG_WARN_NON_LITERAL_NULL_CONVERSION = YES;
				CLANG_WARN_OBJC_IMPLICIT_RETAIN_SELF = YES;
				CLANG_WARN_OBJC_LITERAL_CONVERSION = YES;
				CLANG_WARN_OBJC_ROOT_CLASS = YES_ERROR;
				CLANG_WARN_QUOTED_INCLUDE_IN_FRAMEWORK_HEADER = YES;
				CLANG_WARN_RANGE_LOOP_ANALYSIS = YES;
				CLANG_WARN_STRICT_PROTOTYPES = YES;
				CLANG_WARN_SUSPICIOUS_MOVE = YES;
				CLANG_WARN_UNGUARDED_AVAILABILITY = YES_AGGRESSIVE;
				CLANG_WARN_UNREACHABLE_CODE = YES;
				CLANG_WARN__DUPLICATE_METHOD_MATCH = YES;
				COPY_PHASE_STRIP = NO;
				DEBUG_INFORMATION_FORMAT = dwarf;
				ENABLE_STRICT_OBJC_MSGSEND = YES;
				ENABLE_TESTABILITY = YES;
				ENABLE_USER_SCRIPT_SANDBOXING = YES;
				GCC_C_LANGUAGE_STANDARD = gnu17;
				GCC_DYNAMIC_NO_PIC = NO;
				GCC_NO_COMMON_BLOCKS = YES;
				GCC_OPTIMIZATION_LEVEL = 0;
				GCC_PREPROCESSOR_DEFINITIONS = (
					"DEBUG=1",
					"$(inherited)",
				);
				GCC_WARN_64_TO_32_BIT_CONVERSION = YES;
				GCC_WARN_ABOUT_RETURN_TYPE = YES_ERROR;
				GCC_WARN_UNDECLARED_SELECTOR = YES;
				GCC_WARN_UNINITIALIZED_AUTOS = YES_AGGRESSIVE;
				GCC_WARN_UNUSED_FUNCTION = YES;
				GCC_WARN_UNUSED_VARIABLE = YES;
				IPHONEOS_DEPLOYMENT_TARGET = 17.0;
				LOCALIZATION_PREFERS_STRING_CATALOGS = YES;
				MTL_ENABLE_DEBUG_INFO = INCLUDE_SOURCE;
				MTL_FAST_MATH = YES;
				ONLY_ACTIVE_ARCH = YES;
				SDKROOT = iphoneos;
				SWIFT_ACTIVE_COMPILATION_CONDITIONS = "DEBUG $(inherited)";
				SWIFT_OPTIMIZATION_LEVEL = "-Onone";
			};
			name = Debug;
		};
		BBCECA6A2B56815E00D664A1 /* Release */ = {
			isa = XCBuildConfiguration;
			buildSettings = {
				ALWAYS_SEARCH_USER_PATHS = NO;
				ASSETCATALOG_COMPILER_GENERATE_SWIFT_ASSET_SYMBOL_EXTENSIONS = YES;
				CLANG_ANALYZER_NONNULL = YES;
				CLANG_ANALYZER_NUMBER_OBJECT_CONVERSION = YES_AGGRESSIVE;
				CLANG_CXX_LANGUAGE_STANDARD = "gnu++20";
				CLANG_ENABLE_MODULES = YES;
				CLANG_ENABLE_OBJC_ARC = YES;
				CLANG_ENABLE_OBJC_WEAK = YES;
				CLANG_WARN_BLOCK_CAPTURE_AUTORELEASING = YES;
				CLANG_WARN_BOOL_CONVERSION = YES;
				CLANG_WARN_COMMA = YES;
				CLANG_WARN_CONSTANT_CONVERSION = YES;
				CLANG_WARN_DEPRECATED_OBJC_IMPLEMENTATIONS = YES;
				CLANG_WARN_DIRECT_OBJC_ISA_USAGE = YES_ERROR;
				CLANG_WARN_DOCUMENTATION_COMMENTS = YES;
				CLANG_WARN_EMPTY_BODY = YES;
				CLANG_WARN_ENUM_CONVERSION = YES;
				CLANG_WARN_INFINITE_RECURSION = YES;
				CLANG_WARN_INT_CONVERSION = YES;
				CLANG_WARN_NON_LITERAL_NULL_CONVERSION = YES;
				CLANG_WARN_OBJC_IMPLICIT_RETAIN_SELF = YES;
				CLANG_WARN_OBJC_LITERAL_CONVERSION = YES;
				CLANG_WARN_OBJC_ROOT_CLASS = YES_ERROR;
				CLANG_WARN_QUOTED_INCLUDE_IN_FRAMEWORK_HEADER = YES;
				CLANG_WARN_RANGE_LOOP_ANALYSIS = YES;
				CLANG_WARN_STRICT_PROTOTYPES = YES;
				CLANG_WARN_SUSPICIOUS_MOVE = YES;
				CLANG_WARN_UNGUARDED_AVAILABILITY = YES_AGGRESSIVE;
				CLANG_WARN_UNREACHABLE_CODE = YES;
				CLANG_WARN__DUPLICATE_METHOD_MATCH = YES;
				COPY_PHASE_STRIP = NO;
				DEBUG_INFORMATION_FORMAT = "dwarf-with-dsym";
				ENABLE_NS_ASSERTIONS = NO;
				ENABLE_STRICT_OBJC_MSGSEND = YES;
				ENABLE_USER_SCRIPT_SANDBOXING = YES;
				GCC_C_LANGUAGE_STANDARD = gnu17;
				GCC_NO_COMMON_BLOCKS = YES;
				GCC_WARN_64_TO_32_BIT_CONVERSION = YES;
				GCC_WARN_ABOUT_RETURN_TYPE = YES_ERROR;
				GCC_WARN_UNDECLARED_SELECTOR = YES;
				GCC_WARN_UNINITIALIZED_AUTOS = YES_AGGRESSIVE;
				GCC_WARN_UNUSED_FUNCTION = YES;
				GCC_WARN_UNUSED_VARIABLE = YES;
				IPHONEOS_DEPLOYMENT_TARGET = 17.0;
				LOCALIZATION_PREFERS_STRING_CATALOGS = YES;
				MTL_ENABLE_DEBUG_INFO = NO;
				MTL_FAST_MATH = YES;
				SDKROOT = iphoneos;
				SWIFT_COMPILATION_MODE = wholemodule;
				VALIDATE_PRODUCT = YES;
			};
			name = Release;
		};
		BBCECA6C2B56815E00D664A1 /* Debug */ = {
			isa = XCBuildConfiguration;
			buildSettings = {
				ASSETCATALOG_COMPILER_APPICON_NAME = AppIcon;
				ASSETCATALOG_COMPILER_GLOBAL_ACCENT_COLOR_NAME = AccentColor;
				CODE_SIGN_STYLE = Automatic;
				CURRENT_PROJECT_VERSION = 1;
				DEVELOPMENT_ASSET_PATHS = "\"Raon/Resources/Preview Content\"";
				DEVELOPMENT_TEAM = 8836ZZYJ9P;
				ENABLE_PREVIEWS = YES;
				GENERATE_INFOPLIST_FILE = YES;
				INFOPLIST_FILE = Raon/Resources/Info.plist;
				INFOPLIST_KEY_CFBundleDisplayName = "라온";
				INFOPLIST_KEY_LSApplicationCategoryType = "public.app-category.lifestyle";
				INFOPLIST_KEY_UIApplicationSceneManifest_Generation = YES;
				INFOPLIST_KEY_UIApplicationSupportsIndirectInputEvents = YES;
				INFOPLIST_KEY_UILaunchScreen_Generation = YES;
				INFOPLIST_KEY_UISupportedInterfaceOrientations = UIInterfaceOrientationPortrait;
				LD_RUNPATH_SEARCH_PATHS = (
					"$(inherited)",
					"@executable_path/Frameworks",
				);
				MARKETING_VERSION = 1.0.2;
				PRODUCT_BUNDLE_IDENTIFIER = com.lust3r.raon;
				PRODUCT_NAME = "$(TARGET_NAME)";
				SUPPORTED_PLATFORMS = "iphoneos iphonesimulator";
				SUPPORTS_MACCATALYST = NO;
				SUPPORTS_MAC_DESIGNED_FOR_IPHONE_IPAD = NO;
				SUPPORTS_XR_DESIGNED_FOR_IPHONE_IPAD = NO;
				SWIFT_EMIT_LOC_STRINGS = YES;
				SWIFT_VERSION = 5.0;
				TARGETED_DEVICE_FAMILY = 1;
			};
			name = Debug;
		};
		BBCECA6D2B56815E00D664A1 /* Release */ = {
			isa = XCBuildConfiguration;
			buildSettings = {
				ASSETCATALOG_COMPILER_APPICON_NAME = AppIcon;
				ASSETCATALOG_COMPILER_GLOBAL_ACCENT_COLOR_NAME = AccentColor;
				CODE_SIGN_STYLE = Automatic;
				CURRENT_PROJECT_VERSION = 1;
				DEVELOPMENT_ASSET_PATHS = "\"Raon/Resources/Preview Content\"";
				DEVELOPMENT_TEAM = 8836ZZYJ9P;
				ENABLE_PREVIEWS = YES;
				GENERATE_INFOPLIST_FILE = YES;
				INFOPLIST_FILE = Raon/Resources/Info.plist;
				INFOPLIST_KEY_CFBundleDisplayName = "라온";
				INFOPLIST_KEY_LSApplicationCategoryType = "public.app-category.lifestyle";
				INFOPLIST_KEY_UIApplicationSceneManifest_Generation = YES;
				INFOPLIST_KEY_UIApplicationSupportsIndirectInputEvents = YES;
				INFOPLIST_KEY_UILaunchScreen_Generation = YES;
				INFOPLIST_KEY_UISupportedInterfaceOrientations = UIInterfaceOrientationPortrait;
				LD_RUNPATH_SEARCH_PATHS = (
					"$(inherited)",
					"@executable_path/Frameworks",
				);
				MARKETING_VERSION = 1.0.2;
				PRODUCT_BUNDLE_IDENTIFIER = com.lust3r.raon;
				PRODUCT_NAME = "$(TARGET_NAME)";
				SUPPORTED_PLATFORMS = "iphoneos iphonesimulator";
				SUPPORTS_MACCATALYST = NO;
				SUPPORTS_MAC_DESIGNED_FOR_IPHONE_IPAD = NO;
				SUPPORTS_XR_DESIGNED_FOR_IPHONE_IPAD = NO;
				SWIFT_EMIT_LOC_STRINGS = YES;
				SWIFT_VERSION = 5.0;
				TARGETED_DEVICE_FAMILY = 1;
			};
			name = Release;
		};
/* End XCBuildConfiguration section */

/* Begin XCConfigurationList section */
		BBCECA582B56815D00D664A1 /* Build configuration list for PBXProject "Raon" */ = {
			isa = XCConfigurationList;
			buildConfigurations = (
				BBCECA692B56815E00D664A1 /* Debug */,
				BBCECA6A2B56815E00D664A1 /* Release */,
			);
			defaultConfigurationIsVisible = 0;
			defaultConfigurationName = Release;
		};
		BBCECA6B2B56815E00D664A1 /* Build configuration list for PBXNativeTarget "Raon" */ = {
			isa = XCConfigurationList;
			buildConfigurations = (
				BBCECA6C2B56815E00D664A1 /* Debug */,
				BBCECA6D2B56815E00D664A1 /* Release */,
			);
			defaultConfigurationIsVisible = 0;
			defaultConfigurationName = Release;
		};
/* End XCConfigurationList section */
	};
	rootObject = BBCECA552B56815D00D664A1 /* Project object */;
}
